
Microsoft Visual Studio Solution File, Format Version 12.00
# Visual Studio Version 17
VisualStudioVersion = 17.6.33723.286
MinimumVisualStudioVersion = 10.0.40219.1
Project("{FAE04EC0-301F-11D3-BF4B-00C04F79EFBC}") = "CrudMVC", "CrudMVC\CrudMVC.csproj", "{FCECD38F-1962-4001-ACE9-CB3762C4DD1B}"
EndProject
Global
	GlobalSection(SolutionConfigurationPlatforms) = preSolution
		Debug|Any CPU = Debug|Any CPU
		Release|Any CPU = Release|Any CPU
	EndGlobalSection
	GlobalSection(ProjectConfigurationPlatforms) = postSolution
		{FCECD38F-1962-4001-ACE9-CB3762C4DD1B}.Debug|Any CPU.ActiveCfg = Debug|Any CPU
		{FCECD38F-1962-4001-ACE9-CB3762C4DD1B}.Debug|Any CPU.Build.0 = Debug|Any CPU
		{FCECD38F-1962-4001-ACE9-CB3762C4DD1B}.Release|Any CPU.ActiveCfg = Release|Any CPU
		{FCECD38F-1962-4001-ACE9-CB3762C4DD1B}.Release|Any CPU.Build.0 = Release|Any CPU
	EndGlobalSection
	GlobalSection(SolutionProperties) = preSolution
		HideSolutionNode = FALSE
	EndGlobalSection
	GlobalSection(ExtensibilityGlobals) = postSolution
		SolutionGuid = {5433A7C8-7FB2-4B8B-BBB3-CD136032EA0B}
	EndGlobalSection
EndGlobal
